
Microsoft Visual Studio Solution File, Format Version 12.00
# Visual Studio Version 17
VisualStudioVersion = 17.12.35506.116 d17.12
MinimumVisualStudioVersion = 10.0.40219.1
Project("{FAE04EC0-301F-11D3-BF4B-00C04F79EFBC}") = "MechControlScript", "MechControlScript\MechControlScript.csproj", "{62AEAB34-E7D8-47E5-8A7E-A82695FCE299}"
EndProject
Project("{D954291E-2A0B-460D-934E-DC6B0785DB48}") = "MechControlAPI", "MechControlAPI\MechControlAPI.shproj", "{8A3CDCC5-4B55-4D87-A415-698A0E1FF06F}"
EndProject
Project("{FAE04EC0-301F-11D3-BF4B-00C04F79EFBC}") = "MechControlScriptAddon", "MechControlScriptAddon\MechControlScriptAddon.csproj", "{E42847C2-222B-428F-9EF9-C624D065C7A1}"
EndProject
Global
	GlobalSection(SolutionConfigurationPlatforms) = preSolution
		Debug|x64 = Debug|x64
		Release|x64 = Release|x64
	EndGlobalSection
	GlobalSection(ProjectConfigurationPlatforms) = postSolution
		{62AEAB34-E7D8-47E5-8A7E-A82695FCE299}.Debug|x64.ActiveCfg = Debug|x64
		{62AEAB34-E7D8-47E5-8A7E-A82695FCE299}.Debug|x64.Build.0 = Debug|x64
		{62AEAB34-E7D8-47E5-8A7E-A82695FCE299}.Release|x64.ActiveCfg = Release|x64
		{62AEAB34-E7D8-47E5-8A7E-A82695FCE299}.Release|x64.Build.0 = Release|x64
		{E42847C2-222B-428F-9EF9-C624D065C7A1}.Debug|x64.ActiveCfg = Debug|x64
		{E42847C2-222B-428F-9EF9-C624D065C7A1}.Debug|x64.Build.0 = Debug|x64
		{E42847C2-222B-428F-9EF9-C624D065C7A1}.Release|x64.ActiveCfg = Release|x64
		{E42847C2-222B-428F-9EF9-C624D065C7A1}.Release|x64.Build.0 = Release|x64
	EndGlobalSection
	GlobalSection(SolutionProperties) = preSolution
		HideSolutionNode = FALSE
	EndGlobalSection
	GlobalSection(SharedMSBuildProjectFiles) = preSolution
		MechControlAPI\MechControlAPI.projitems*{8a3cdcc5-4b55-4d87-a415-698a0e1ff06f}*SharedItemsImports = 13
	EndGlobalSection
EndGlobal
